
Microsoft Visual Studio Solution File, Format Version 12.00
# Visual Studio Version 17
VisualStudioVersion = 17.0.32014.148
MinimumVisualStudioVersion = 10.0.40219.1
Project("{FAE04EC0-301F-11D3-BF4B-00C04F79EFBC}") = "SelectionStatements", "SelectionStatements\SelectionStatements.csproj", "{04C29855-9A90-4DAC-AEAA-3BC39F5EFFAE}"
EndProject
Global
	GlobalSection(SolutionConfigurationPlatforms) = preSolution
		Debug|Any CPU = Debug|Any CPU
		Release|Any CPU = Release|Any CPU
	EndGlobalSection
	GlobalSection(ProjectConfigurationPlatforms) = postSolution
		{04C29855-9A90-4DAC-AEAA-3BC39F5EFFAE}.Debug|Any CPU.ActiveCfg = Debug|Any CPU
		{04C29855-9A90-4DAC-AEAA-3BC39F5EFFAE}.Debug|Any CPU.Build.0 = Debug|Any CPU
		{04C29855-9A90-4DAC-AEAA-3BC39F5EFFAE}.Release|Any CPU.ActiveCfg = Release|Any CPU
		{04C29855-9A90-4DAC-AEAA-3BC39F5EFFAE}.Release|Any CPU.Build.0 = Release|Any CPU
	EndGlobalSection
	GlobalSection(SolutionProperties) = preSolution
		HideSolutionNode = FALSE
	EndGlobalSection
	GlobalSection(ExtensibilityGlobals) = postSolution
		SolutionGuid = {042630A4-FDA4-4A77-913E-D2537814EE36}
	EndGlobalSection
EndGlobal
